<?xml version="1.0" encoding="utf-8"?>
<Project ToolsVersion="4.0" xmlns="http://schemas.microsoft.com/developer/msbuild/2003">
  <ItemGroup>
    <Filter Include="framework">
      <UniqueIdentifier>{7f11dba5-0fb0-455f-882d-36166962a4a1}</UniqueIdentifier>
    </Filter>
    <Filter Include="kuro">
      <UniqueIdentifier>{93bd8007-1536-423f-becb-73cccbdc584e}</UniqueIdentifier>
    </Filter>
    <Filter Include="kuro\theme">
      <UniqueIdentifier>{f55f7818-be2e-4c3a-a99b-19bbf4bb8363}</UniqueIdentifier>
    </Filter>
    <Filter Include="kuro\gdi">
      <UniqueIdentifier>{b215dd07-87e3-4d24-a384-6dd7debf3c00}</UniqueIdentifier>
    </Filter>
    <Filter Include="kuro\hook">
      <UniqueIdentifier>{958cca00-3169-44d8-adb0-44da5a29c431}</UniqueIdentifier>
    </Filter>
    <Filter Include="kuro\paint">
      <UniqueIdentifier>{ee28993f-ea12-4ffc-8dc9-5774532219b8}</UniqueIdentifier>
    </Filter>
    <Filter Include="kuro\paint\material">
      <UniqueIdentifier>{5f606690-4a49-4db2-a91f-2786dbd488d0}</UniqueIdentifier>
    </Filter>
    <Filter Include="kuro\theme\renderer">
      <UniqueIdentifier>{f56f4075-7162-4a5c-bd54-9d653f6106ad}</UniqueIdentifier>
    </Filter>
    <Filter Include="kuro\theme\renderer\immersive_start">
      <UniqueIdentifier>{fb59a7be-703a-4e3a-9fd4-53cdb66e6d75}</UniqueIdentifier>
    </Filter>
    <Filter Include="kuro\theme\renderer\base">
      <UniqueIdentifier>{a361e3cf-8cd9-4e9b-82da-0acbab5a382d}</UniqueIdentifier>
    </Filter>
    <Filter Include="kuro\gdi\renderer">
      <UniqueIdentifier>{ae32251b-0993-4e43-8328-79208f5b5767}</UniqueIdentifier>
    </Filter>
    <Filter Include="kuro\gdi\renderer\comdlg32">
      <UniqueIdentifier>{2a7b4353-6efb-4f1c-821f-da3c05c25adf}</UniqueIdentifier>
    </Filter>
    <Filter Include="resource">
      <UniqueIdentifier>{67DA6AB6-F800-4c08-8B7A-83BB121AAD01}</UniqueIdentifier>
      <Extensions>rc;ico;cur;bmp;dlg;rc2;rct;bin;rgs;gif;jpg;jpeg;jpe;resx;tiff;tif;png;wav;mfcribbon-ms</Extensions>
    </Filter>
    <Filter Include="kuro\theme\renderer\search_band">
      <UniqueIdentifier>{d2283483-cf35-41a4-b8d5-6cddc770a4e4}</UniqueIdentifier>
    </Filter>
    <Filter Include="kuro\hook\entry">
      <UniqueIdentifier>{a81f6eba-5c23-434a-8d33-9611710341d2}</UniqueIdentifier>
    </Filter>
    <Filter Include="kuro\paint\d2d">
      <UniqueIdentifier>{281acd33-2053-4673-9842-93418e09662c}</UniqueIdentifier>
    </Filter>
  </ItemGroup>
  <ItemGroup>
    <ClCompile Include="pch.cpp">
      <Filter>framework</Filter>
    </ClCompile>
    <ClCompile Include="main.cpp">
      <Filter>framework</Filter>
    </ClCompile>
  </ItemGroup>
  <ItemGroup>
    <ClInclude Include="pch.h">
      <Filter>framework</Filter>
    </ClInclude>
    <ClInclude Include="utils.hpp" />
    <ClInclude Include="hive.hpp" />
    <ClInclude Include="kuro\theme\from_vsclass.hpp">
      <Filter>kuro\theme</Filter>
    </ClInclude>
    <ClInclude Include="kuro\theme\from_handle.hpp">
      <Filter>kuro\theme</Filter>
    </ClInclude>
    <ClInclude Include="kuro\theme\name.hpp">
      <Filter>kuro\theme</Filter>
    </ClInclude>
    <ClInclude Include="kuro\theme\renderer.hpp">
      <Filter>kuro\theme</Filter>
    </ClInclude>
    <ClInclude Include="app.hpp" />
    <ClInclude Include="app_interface.hpp" />
    <ClInclude Include="kuro\theme\renderer\itemsview.hpp">
      <Filter>kuro\theme\renderer</Filter>
    </ClInclude>
    <ClInclude Include="kuro\theme\renderer\menu.hpp">
      <Filter>kuro\theme\renderer</Filter>
    </ClInclude>
    <ClInclude Include="kuro\style.hpp">
      <Filter>kuro</Filter>
    </ClInclude>
    <ClInclude Include="kuro\theme\renderer\immersive_start\menu.hpp">
      <Filter>kuro\theme\renderer\immersive_start</Filter>
    </ClInclude>
    <ClInclude Include="kuro\theme\renderer\base\menu.hpp">
      <Filter>kuro\theme\renderer\base</Filter>
    </ClInclude>
    <ClInclude Include="kuro\hook\manager.hpp">
      <Filter>kuro\hook</Filter>
    </ClInclude>
    <ClInclude Include="kuro\theme\manager.hpp">
      <Filter>kuro\theme</Filter>
    </ClInclude>
    <ClInclude Include="kuro\gdi\manager.hpp">
      <Filter>kuro\gdi</Filter>
    </ClInclude>
    <ClInclude Include="kuro\gdi\renderer.hpp">
      <Filter>kuro\gdi</Filter>
    </ClInclude>
    <ClInclude Include="kuro\gdi\renderer_nc.hpp">
      <Filter>kuro\gdi</Filter>
    </ClInclude>
    <ClInclude Include="kuro\gdi\renderer\aviutl2.hpp">
      <Filter>kuro\gdi\renderer</Filter>
    </ClInclude>
    <ClInclude Include="kuro\gdi\renderer\button.hpp">
      <Filter>kuro\gdi\renderer</Filter>
    </ClInclude>
    <ClInclude Include="kuro\gdi\renderer\combobox.hpp">
      <Filter>kuro\gdi\renderer</Filter>
    </ClInclude>
    <ClInclude Include="kuro\gdi\renderer\comboboxex.hpp">
      <Filter>kuro\gdi\renderer</Filter>
    </ClInclude>
    <ClInclude Include="kuro\gdi\renderer\dialog.hpp">
      <Filter>kuro\gdi\renderer</Filter>
    </ClInclude>
    <ClInclude Include="kuro\gdi\renderer\editbox.hpp">
      <Filter>kuro\gdi\renderer</Filter>
    </ClInclude>
    <ClInclude Include="kuro\gdi\renderer\header.hpp">
      <Filter>kuro\gdi\renderer</Filter>
    </ClInclude>
    <ClInclude Include="kuro\gdi\renderer\listbox.hpp">
      <Filter>kuro\gdi\renderer</Filter>
    </ClInclude>
    <ClInclude Include="kuro\gdi\renderer\listview.hpp">
      <Filter>kuro\gdi\renderer</Filter>
    </ClInclude>
    <ClInclude Include="kuro\gdi\renderer\richedit.hpp">
      <Filter>kuro\gdi\renderer</Filter>
    </ClInclude>
    <ClInclude Include="kuro\gdi\renderer\spin.hpp">
      <Filter>kuro\gdi\renderer</Filter>
    </ClInclude>
    <ClInclude Include="kuro\gdi\renderer\static.hpp">
      <Filter>kuro\gdi\renderer</Filter>
    </ClInclude>
    <ClInclude Include="kuro\gdi\renderer\tab.hpp">
      <Filter>kuro\gdi\renderer</Filter>
    </ClInclude>
    <ClInclude Include="kuro\gdi\renderer\toolbar.hpp">
      <Filter>kuro\gdi\renderer</Filter>
    </ClInclude>
    <ClInclude Include="kuro\gdi\renderer\tooltip.hpp">
      <Filter>kuro\gdi\renderer</Filter>
    </ClInclude>
    <ClInclude Include="kuro\gdi\renderer\trackbar.hpp">
      <Filter>kuro\gdi\renderer</Filter>
    </ClInclude>
    <ClInclude Include="kuro\gdi\renderer\treeview.hpp">
      <Filter>kuro\gdi\renderer</Filter>
    </ClInclude>
    <ClInclude Include="kuro\paint\material.hpp">
      <Filter>kuro\paint</Filter>
    </ClInclude>
    <ClInclude Include="kuro\paint\palette.hpp">
      <Filter>kuro\paint</Filter>
    </ClInclude>
    <ClInclude Include="kuro\paint\pigment.hpp">
      <Filter>kuro\paint</Filter>
    </ClInclude>
    <ClInclude Include="kuro\paint\stylus.hpp">
      <Filter>kuro\paint</Filter>
    </ClInclude>
    <ClInclude Include="kuro\paint\material\header.hpp">
      <Filter>kuro\paint\material</Filter>
    </ClInclude>
    <ClInclude Include="kuro\paint\material\menu.hpp">
      <Filter>kuro\paint\material</Filter>
    </ClInclude>
    <ClInclude Include="kuro\paint\material\listbox.hpp">
      <Filter>kuro\paint\material</Filter>
    </ClInclude>
    <ClInclude Include="kuro\paint\manager.hpp">
      <Filter>kuro\paint</Filter>
    </ClInclude>
    <ClInclude Include="kuro\paint\material\tooltip.hpp">
      <Filter>kuro\paint\material</Filter>
    </ClInclude>
    <ClInclude Include="kuro\theme\renderer\tooltip.hpp">
      <Filter>kuro\theme\renderer</Filter>
    </ClInclude>
    <ClInclude Include="kuro\gdi\renderer\comdlg32\dialog.hpp">
      <Filter>kuro\gdi\renderer\comdlg32</Filter>
    </ClInclude>
    <ClInclude Include="kuro\paint\material\dialog.hpp">
      <Filter>kuro\paint\material</Filter>
    </ClInclude>
    <ClInclude Include="kuro\paint\material\scrollbar.hpp">
      <Filter>kuro\paint\material</Filter>
    </ClInclude>
    <ClInclude Include="kuro\theme\renderer\scrollbar.hpp">
      <Filter>kuro\theme\renderer</Filter>
    </ClInclude>
    <ClInclude Include="resource.h">
      <Filter>resource</Filter>
    </ClInclude>
    <ClInclude Include="test_dialog.hpp" />
    <ClInclude Include="kuro\theme\renderer\button.hpp">
      <Filter>kuro\theme\renderer</Filter>
    </ClInclude>
    <ClInclude Include="kuro\paint\utils.hpp">
      <Filter>kuro\paint</Filter>
    </ClInclude>
    <ClInclude Include="kuro\theme\renderer\static.hpp">
      <Filter>kuro\theme\renderer</Filter>
    </ClInclude>
    <ClInclude Include="kuro\theme\renderer\listbox.hpp">
      <Filter>kuro\theme\renderer</Filter>
    </ClInclude>
    <ClInclude Include="kuro\theme\renderer\combobox.hpp">
      <Filter>kuro\theme\renderer</Filter>
    </ClInclude>
    <ClInclude Include="kuro\paint\material\combobox.hpp">
      <Filter>kuro\paint\material</Filter>
    </ClInclude>
    <ClInclude Include="kuro\paint\material\editbox.hpp">
      <Filter>kuro\paint\material</Filter>
    </ClInclude>
    <ClInclude Include="kuro\theme\renderer\editbox.hpp">
      <Filter>kuro\theme\renderer</Filter>
    </ClInclude>
    <ClInclude Include="kuro\theme\renderer\trackbar.hpp">
      <Filter>kuro\theme\renderer</Filter>
    </ClInclude>
    <ClInclude Include="kuro\paint\material\trackbar.hpp">
      <Filter>kuro\paint\material</Filter>
    </ClInclude>
    <ClInclude Include="kuro\theme\renderer\spin.hpp">
      <Filter>kuro\theme\renderer</Filter>
    </ClInclude>
    <ClInclude Include="kuro\paint\material\spin.hpp">
      <Filter>kuro\paint\material</Filter>
    </ClInclude>
    <ClInclude Include="kuro\paint\material\tab.hpp">
      <Filter>kuro\paint\material</Filter>
    </ClInclude>
    <ClInclude Include="kuro\paint\material\listview.hpp">
      <Filter>kuro\paint\material</Filter>
    </ClInclude>
    <ClInclude Include="kuro\theme\renderer\header.hpp">
      <Filter>kuro\theme\renderer</Filter>
    </ClInclude>
    <ClInclude Include="kuro\theme\renderer\listview.hpp">
      <Filter>kuro\theme\renderer</Filter>
    </ClInclude>
    <ClInclude Include="kuro\theme\renderer\tab.hpp">
      <Filter>kuro\theme\renderer</Filter>
    </ClInclude>
    <ClInclude Include="kuro\theme\renderer\treeview.hpp">
      <Filter>kuro\theme\renderer</Filter>
    </ClInclude>
    <ClInclude Include="kuro\paint\material\treeview.hpp">
      <Filter>kuro\paint\material</Filter>
    </ClInclude>
    <ClInclude Include="kuro\paint\material\button.hpp">
      <Filter>kuro\paint\material</Filter>
    </ClInclude>
    <ClInclude Include="kuro\gdi\renderer\comdlg32\direct_ui_hwnd.hpp">
      <Filter>kuro\gdi\renderer\comdlg32</Filter>
    </ClInclude>
    <ClInclude Include="config_dialog.hpp" />
    <ClInclude Include="config_io.hpp" />
    <ClInclude Include="kuro\gdi\renderer\menu.hpp">
      <Filter>kuro\gdi\renderer</Filter>
    </ClInclude>
    <ClInclude Include="assets_io.hpp" />
    <ClInclude Include="io_base.hpp" />
    <ClInclude Include="kuro\theme\renderer\command_module.hpp">
      <Filter>kuro\theme\renderer</Filter>
    </ClInclude>
    <ClInclude Include="kuro\theme\renderer\common_items_dialog.hpp">
      <Filter>kuro\theme\renderer</Filter>
    </ClInclude>
    <ClInclude Include="kuro\theme\renderer\preview_pane.hpp">
      <Filter>kuro\theme\renderer</Filter>
    </ClInclude>
    <ClInclude Include="kuro\theme\renderer\toolbar.hpp">
      <Filter>kuro\theme\renderer</Filter>
    </ClInclude>
    <ClInclude Include="kuro\paint\material\command_module.hpp">
      <Filter>kuro\paint\material</Filter>
    </ClInclude>
    <ClInclude Include="kuro\paint\material\toolbar.hpp">
      <Filter>kuro\paint\material</Filter>
    </ClInclude>
    <ClInclude Include="kuro\gdi\renderer\comdlg32\dui_view.hpp">
      <Filter>kuro\gdi\renderer\comdlg32</Filter>
    </ClInclude>
    <ClInclude Include="kuro\paint\material\sys_color.hpp">
      <Filter>kuro\paint\material</Filter>
    </ClInclude>
    <ClInclude Include="kuro\theme\renderer\rebar.hpp">
      <Filter>kuro\theme\renderer</Filter>
    </ClInclude>
    <ClInclude Include="kuro\theme\renderer\explorer_nav_pane.hpp">
      <Filter>kuro\theme\renderer</Filter>
    </ClInclude>
    <ClInclude Include="kuro\theme\renderer\address_band.hpp">
      <Filter>kuro\theme\renderer</Filter>
    </ClInclude>
    <ClInclude Include="kuro\theme\renderer\search_band\search_box.hpp">
      <Filter>kuro\theme\renderer\search_band</Filter>
    </ClInclude>
    <ClInclude Include="kuro\theme\renderer\search_band\search_editbox.hpp">
      <Filter>kuro\theme\renderer\search_band</Filter>
    </ClInclude>
    <ClInclude Include="kuro\paint\material\address_band.hpp">
      <Filter>kuro\paint\material</Filter>
    </ClInclude>
    <ClInclude Include="version.hpp">
      <Filter>framework</Filter>
    </ClInclude>
    <ClInclude Include="lockable.hpp" />
    <ClInclude Include="kuro\hook\entry.hpp">
      <Filter>kuro\hook</Filter>
    </ClInclude>
    <ClInclude Include="kuro\hook\entry\call_wnd_proc_ret.hpp">
      <Filter>kuro\hook\entry</Filter>
    </ClInclude>
    <ClInclude Include="kuro\hook\entry\gdi.hpp">
      <Filter>kuro\hook\entry</Filter>
    </ClInclude>
    <ClInclude Include="kuro\hook\entry\mmd.hpp">
      <Filter>kuro\hook\entry</Filter>
    </ClInclude>
    <ClInclude Include="kuro\hook\entry\theme.hpp">
      <Filter>kuro\hook\entry</Filter>
    </ClInclude>
    <ClInclude Include="kuro\paint\material\window.hpp">
      <Filter>kuro\paint\material</Filter>
    </ClInclude>
    <ClInclude Include="kuro\custom_style.hpp">
      <Filter>kuro</Filter>
    </ClInclude>
    <ClInclude Include="mmd_window.hpp" />
    <ClInclude Include="kuro\color.hpp">
      <Filter>kuro</Filter>
    </ClInclude>
    <ClInclude Include="kuro\paint\d2d\core.hpp">
      <Filter>kuro\paint\d2d</Filter>
    </ClInclude>
    <ClInclude Include="kuro\paint\d2d\recter.hpp">
      <Filter>kuro\paint\d2d</Filter>
    </ClInclude>
    <ClInclude Include="kuro\paint\d2d\texter.hpp">
      <Filter>kuro\paint\d2d</Filter>
    </ClInclude>
    <ClInclude Include="kuro\paint\d2d\utils.hpp">
      <Filter>kuro\paint\d2d</Filter>
    </ClInclude>
  </ItemGroup>
  <ItemGroup>
    <None Include="main.def">
      <Filter>framework</Filter>
    </None>
  </ItemGroup>
  <ItemGroup>
    <ResourceCompile Include="mm_jd.rc">
      <Filter>resource</Filter>
    </ResourceCompile>
  </ItemGroup>
</Project>